
Microsoft Visual Studio Solution File, Format Version 12.00
# Visual Studio 15
VisualStudioVersion = 15.0.26730.8
MinimumVisualStudioVersion = 10.0.40219.1
Project("{FAE04EC0-301F-11D3-BF4B-00C04F79EFBC}") = "tttGrd", "tttGrd\tttGrd.csproj", "{171E96D3-706E-4AB9-9F67-1D9F00053FE1}"
EndProject
Project("{FAE04EC0-301F-11D3-BF4B-00C04F79EFBC}") = "tttGrd.Test", "tttGrd.Test\tttGrd.Test.csproj", "{94AE755D-2344-47E4-AA43-4A4B17A64CB1}"
EndProject
Global
	GlobalSection(SolutionConfigurationPlatforms) = preSolution
		Debug|Any CPU = Debug|Any CPU
		Release|Any CPU = Release|Any CPU
	EndGlobalSection
	GlobalSection(ProjectConfigurationPlatforms) = postSolution
		{171E96D3-706E-4AB9-9F67-1D9F00053FE1}.Debug|Any CPU.ActiveCfg = Debug|Any CPU
		{171E96D3-706E-4AB9-9F67-1D9F00053FE1}.Debug|Any CPU.Build.0 = Debug|Any CPU
		{171E96D3-706E-4AB9-9F67-1D9F00053FE1}.Release|Any CPU.ActiveCfg = Release|Any CPU
		{171E96D3-706E-4AB9-9F67-1D9F00053FE1}.Release|Any CPU.Build.0 = Release|Any CPU
		{94AE755D-2344-47E4-AA43-4A4B17A64CB1}.Debug|Any CPU.ActiveCfg = Debug|Any CPU
		{94AE755D-2344-47E4-AA43-4A4B17A64CB1}.Debug|Any CPU.Build.0 = Debug|Any CPU
		{94AE755D-2344-47E4-AA43-4A4B17A64CB1}.Release|Any CPU.ActiveCfg = Release|Any CPU
		{94AE755D-2344-47E4-AA43-4A4B17A64CB1}.Release|Any CPU.Build.0 = Release|Any CPU
	EndGlobalSection
	GlobalSection(SolutionProperties) = preSolution
		HideSolutionNode = FALSE
	EndGlobalSection
	GlobalSection(ExtensibilityGlobals) = postSolution
		SolutionGuid = {157CA8ED-7567-47BB-A7FC-5FB3BB1F1446}
	EndGlobalSection
EndGlobal
