
Microsoft Visual Studio Solution File, Format Version 12.00
# Visual Studio 15
VisualStudioVersion = 15.0.26730.8
MinimumVisualStudioVersion = 10.0.40219.1
Project("{FAE04EC0-301F-11D3-BF4B-00C04F79EFBC}") = "tttGrd.Api", "tttGrd.Api\tttGrd.Api.csproj", "{18AB771C-BF8C-404F-9D91-EED1E5E42A72}"
EndProject
Project("{FAE04EC0-301F-11D3-BF4B-00C04F79EFBC}") = "tttGrd.Api.Tests", "tttGrd.Api.Tests\tttGrd.Api.Tests.csproj", "{4ED88E4C-04E8-4939-80C6-4B1521FDBE25}"
EndProject
Global
	GlobalSection(SolutionConfigurationPlatforms) = preSolution
		Debug|Any CPU = Debug|Any CPU
		Release|Any CPU = Release|Any CPU
	EndGlobalSection
	GlobalSection(ProjectConfigurationPlatforms) = postSolution
		{18AB771C-BF8C-404F-9D91-EED1E5E42A72}.Debug|Any CPU.ActiveCfg = Debug|Any CPU
		{18AB771C-BF8C-404F-9D91-EED1E5E42A72}.Debug|Any CPU.Build.0 = Debug|Any CPU
		{18AB771C-BF8C-404F-9D91-EED1E5E42A72}.Release|Any CPU.ActiveCfg = Release|Any CPU
		{18AB771C-BF8C-404F-9D91-EED1E5E42A72}.Release|Any CPU.Build.0 = Release|Any CPU
		{4ED88E4C-04E8-4939-80C6-4B1521FDBE25}.Debug|Any CPU.ActiveCfg = Debug|Any CPU
		{4ED88E4C-04E8-4939-80C6-4B1521FDBE25}.Debug|Any CPU.Build.0 = Debug|Any CPU
		{4ED88E4C-04E8-4939-80C6-4B1521FDBE25}.Release|Any CPU.ActiveCfg = Release|Any CPU
		{4ED88E4C-04E8-4939-80C6-4B1521FDBE25}.Release|Any CPU.Build.0 = Release|Any CPU
	EndGlobalSection
	GlobalSection(SolutionProperties) = preSolution
		HideSolutionNode = FALSE
	EndGlobalSection
	GlobalSection(ExtensibilityGlobals) = postSolution
		SolutionGuid = {2E043712-D4AE-4BC5-BB9D-78BA6C14070C}
	EndGlobalSection
EndGlobal
